
Microsoft Visual Studio Solution File, Format Version 12.00
# Visual Studio Version 17
VisualStudioVersion = 17.2.32519.379
MinimumVisualStudioVersion = 10.0.40219.1
Project("{FAE04EC0-301F-11D3-BF4B-00C04F79EFBC}") = "SuperHeroAPI", "SuperHeroAPI\SuperHeroAPI.csproj", "{ABF4F715-DD30-4B14-9055-ADCB03418210}"
EndProject
Global
	GlobalSection(SolutionConfigurationPlatforms) = preSolution
		Debug|Any CPU = Debug|Any CPU
		Release|Any CPU = Release|Any CPU
	EndGlobalSection
	GlobalSection(ProjectConfigurationPlatforms) = postSolution
		{ABF4F715-DD30-4B14-9055-ADCB03418210}.Debug|Any CPU.ActiveCfg = Debug|Any CPU
		{ABF4F715-DD30-4B14-9055-ADCB03418210}.Debug|Any CPU.Build.0 = Debug|Any CPU
		{ABF4F715-DD30-4B14-9055-ADCB03418210}.Release|Any CPU.ActiveCfg = Release|Any CPU
		{ABF4F715-DD30-4B14-9055-ADCB03418210}.Release|Any CPU.Build.0 = Release|Any CPU
	EndGlobalSection
	GlobalSection(SolutionProperties) = preSolution
		HideSolutionNode = FALSE
	EndGlobalSection
	GlobalSection(ExtensibilityGlobals) = postSolution
		SolutionGuid = {6698773A-69FF-4EA9-A96C-ADCC8FB53051}
	EndGlobalSection
EndGlobal
